// !$*UTF8*$!
{
	archiveVersion = 1;
	classes = {
	};
	objectVersion = 56;
	objects = {

/* Begin PBXBuildFile section */
		B6317A3029B38723009D623E /* comparisonApp.swift in Sources */ = {isa = PBXBuildFile; fileRef = B6317A2F29B38723009D623E /* comparisonApp.swift */; };
		B6317A3229B38723009D623E /* ContentView.swift in Sources */ = {isa = PBXBuildFile; fileRef = B6317A3129B38723009D623E /* ContentView.swift */; };
		B6317A3429B38725009D623E /* Assets.xcassets in Resources */ = {isa = PBXBuildFile; fileRef = B6317A3329B38725009D623E /* Assets.xcassets */; };
		B6317A3729B38725009D623E /* Preview Assets.xcassets in Resources */ = {isa = PBXBuildFile; fileRef = B6317A3629B38725009D623E /* Preview Assets.xcassets */; };
		B6317A4129B38725009D623E /* comparisonTests.swift in Sources */ = {isa = PBXBuildFile; fileRef = B6317A4029B38725009D623E /* comparisonTests.swift */; };
		B6317A4B29B38725009D623E /* comparisonUITests.swift in Sources */ = {isa = PBXBuildFile; fileRef = B6317A4A29B38725009D623E /* comparisonUITests.swift */; };
		B6317A4D29B38725009D623E /* comparisonUITestsLaunchTests.swift in Sources */ = {isa = PBXBuildFile; fileRef = B6317A4C29B38725009D623E /* comparisonUITestsLaunchTests.swift */; };
/* End PBXBuildFile section */

/* Begin PBXContainerItemProxy section */
		B6317A3D29B38725009D623E /* PBXContainerItemProxy */ = {
			isa = PBXContainerItemProxy;
			containerPortal = B6317A2429B38723009D623E /* Project object */;
			proxyType = 1;
			remoteGlobalIDString = B6317A2B29B38723009D623E;
			remoteInfo = comparison;
		};
		B6317A4729B38725009D623E /* PBXContainerItemProxy */ = {
			isa = PBXContainerItemProxy;
			containerPortal = B6317A2429B38723009D623E /* Project object */;
			proxyType = 1;
			remoteGlobalIDString = B6317A2B29B38723009D623E;
			remoteInfo = comparison;
		};
/* End PBXContainerItemProxy section */

/* Begin PBXFileReference section */
		B6317A2C29B38723009D623E /* comparison.app */ = {isa = PBXFileReference; explicitFileType = wrapper.application; includeInIndex = 0; path = comparison.app; sourceTree = BUILT_PRODUCTS_DIR; };
		B6317A2F29B38723009D623E /* comparisonApp.swift */ = {isa = PBXFileReference; lastKnownFileType = sourcecode.swift; path = comparisonApp.swift; sourceTree = "<group>"; };
		B6317A3129B38723009D623E /* ContentView.swift */ = {isa = PBXFileReference; lastKnownFileType = sourcecode.swift; path = ContentView.swift; sourceTree = "<group>"; };
		B6317A3329B38725009D623E /* Assets.xcassets */ = {isa = PBXFileReference; lastKnownFileType = folder.assetcatalog; path = Assets.xcassets; sourceTree = "<group>"; };
		B6317A3629B38725009D623E /* Preview Assets.xcassets */ = {isa = PBXFileReference; lastKnownFileType = folder.assetcatalog; path = "Preview Assets.xcassets"; sourceTree = "<group>"; };
		B6317A3C29B38725009D623E /* comparisonTests.xctest */ = {isa = PBXFileReference; explicitFileType = wrapper.cfbundle; includeInIndex = 0; path = comparisonTests.xctest; sourceTree = BUILT_PRODUCTS_DIR; };
		B6317A4029B38725009D623E /* comparisonTests.swift */ = {isa = PBXFileReference; lastKnownFileType = sourcecode.swift; path = comparisonTests.swift; sourceTree = "<group>"; };
		B6317A4629B38725009D623E /* comparisonUITests.xctest */ = {isa = PBXFileReference; explicitFileType = wrapper.cfbundle; includeInIndex = 0; path = comparisonUITests.xctest; sourceTree = BUILT_PRODUCTS_DIR; };
		B6317A4A29B38725009D623E /* comparisonUITests.swift */ = {isa = PBXFileReference; lastKnownFileType = sourcecode.swift; path = comparisonUITests.swift; sourceTree = "<group>"; };
		B6317A4C29B38725009D623E /* comparisonUITestsLaunchTests.swift */ = {isa = PBXFileReference; lastKnownFileType = sourcecode.swift; path = comparisonUITestsLaunchTests.swift; sourceTree = "<group>"; };
/* End PBXFileReference section */

/* Begin PBXFrameworksBuildPhase section */
		B6317A2929B38723009D623E /* Frameworks */ = {
			isa = PBXFrameworksBuildPhase;
			buildActionMask = 2147483647;
			files = (
			);
			runOnlyForDeploymentPostprocessing = 0;
		};
		B6317A3929B38725009D623E /* Frameworks */ = {
			isa = PBXFrameworksBuildPhase;
			buildActionMask = 2147483647;
			files = (
			);
			runOnlyForDeploymentPostprocessing = 0;
		};
		B6317A4329B38725009D623E /* Frameworks */ = {
			isa = PBXFrameworksBuildPhase;
			buildActionMask = 2147483647;
			files = (
			);
			runOnlyForDeploymentPostprocessing = 0;
		};
/* End PBXFrameworksBuildPhase section */

/* Begin PBXGroup section */
		B6317A2329B38723009D623E = {
			isa = PBXGroup;
			children = (
				B6317A2E29B38723009D623E /* comparison */,
				B6317A3F29B38725009D623E /* comparisonTests */,
				B6317A4929B38725009D623E /* comparisonUITests */,
				B6317A2D29B38723009D623E /* Products */,
			);
			sourceTree = "<group>";
		};
		B6317A2D29B38723009D623E /* Products */ = {
			isa = PBXGroup;
			children = (
				B6317A2C29B38723009D623E /* comparison.app */,
				B6317A3C29B38725009D623E /* comparisonTests.xctest */,
				B6317A4629B38725009D623E /* comparisonUITests.xctest */,
			);
			name = Products;
			sourceTree = "<group>";
		};
		B6317A2E29B38723009D623E /* comparison */ = {
			isa = PBXGroup;
			children = (
				B6317A2F29B38723009D623E /* comparisonApp.swift */,
				B6317A3129B38723009D623E /* ContentView.swift */,
				B6317A3329B38725009D623E /* Assets.xcassets */,
				B6317A3529B38725009D623E /* Preview Content */,
			);
			path = comparison;
			sourceTree = "<group>";
		};
		B6317A3529B38725009D623E /* Preview Content */ = {
			isa = PBXGroup;
			children = (
				B6317A3629B38725009D623E /* Preview Assets.xcassets */,
			);
			path = "Preview Content";
			sourceTree = "<group>";
		};
		B6317A3F29B38725009D623E /* comparisonTests */ = {
			isa = PBXGroup;
			children = (
				B6317A4029B38725009D623E /* comparisonTests.swift */,
			);
			path = comparisonTests;
			sourceTree = "<group>";
		};
		B6317A4929B38725009D623E /* comparisonUITests */ = {
			isa = PBXGroup;
			children = (
				B6317A4A29B38725009D623E /* comparisonUITests.swift */,
				B6317A4C29B38725009D623E /* comparisonUITestsLaunchTests.swift */,
			);
			path = comparisonUITests;
			sourceTree = "<group>";
		};
/* End PBXGroup section */

/* Begin PBXNativeTarget section */
		B6317A2B29B38723009D623E /* comparison */ = {
			isa = PBXNativeTarget;
			buildConfigurationList = B6317A5029B38725009D623E /* Build configuration list for PBXNativeTarget "comparison" */;
			buildPhases = (
				B6317A2829B38723009D623E /* Sources */,
				B6317A2929B38723009D623E /* Frameworks */,
				B6317A2A29B38723009D623E /* Resources */,
			);
			buildRules = (
			);
			dependencies = (
			);
			name = comparison;
			productName = comparison;
			productReference = B6317A2C29B38723009D623E /* comparison.app */;
			productType = "com.apple.product-type.application";
		};
		B6317A3B29B38725009D623E /* comparisonTests */ = {
			isa = PBXNativeTarget;
			buildConfigurationList = B6317A5329B38725009D623E /* Build configuration list for PBXNativeTarget "comparisonTests" */;
			buildPhases = (
				B6317A3829B38725009D623E /* Sources */,
				B6317A3929B38725009D623E /* Frameworks */,
				B6317A3A29B38725009D623E /* Resources */,
			);
			buildRules = (
			);
			dependencies = (
				B6317A3E29B38725009D623E /* PBXTargetDependency */,
			);
			name = comparisonTests;
			productName = comparisonTests;
			productReference = B6317A3C29B38725009D623E /* comparisonTests.xctest */;
			productType = "com.apple.product-type.bundle.unit-test";
		};
		B6317A4529B38725009D623E /* comparisonUITests */ = {
			isa = PBXNativeTarget;
			buildConfigurationList = B6317A5629B38725009D623E /* Build configuration list for PBXNativeTarget "comparisonUITests" */;
			buildPhases = (
				B6317A4229B38725009D623E /* Sources */,
				B6317A4329B38725009D623E /* Frameworks */,
				B6317A4429B38725009D623E /* Resources */,
			);
			buildRules = (
			);
			dependencies = (
				B6317A4829B38725009D623E /* PBXTargetDependency */,
			);
			name = comparisonUITests;
			productName = comparisonUITests;
			productReference = B6317A4629B38725009D623E /* comparisonUITests.xctest */;
			productType = "com.apple.product-type.bundle.ui-testing";
		};
/* End PBXNativeTarget section */

/* Begin PBXProject section */
		B6317A2429B38723009D623E /* Project object */ = {
			isa = PBXProject;
			attributes = {
				BuildIndependentTargetsInParallel = 1;
				LastSwiftUpdateCheck = 1420;
				LastUpgradeCheck = 1420;
				TargetAttributes = {
					B6317A2B29B38723009D623E = {
						CreatedOnToolsVersion = 14.2;
					};
					B6317A3B29B38725009D623E = {
						CreatedOnToolsVersion = 14.2;
						TestTargetID = B6317A2B29B38723009D623E;
					};
					B6317A4529B38725009D623E = {
						CreatedOnToolsVersion = 14.2;
						TestTargetID = B6317A2B29B38723009D623E;
					};
				};
			};
			buildConfigurationList = B6317A2729B38723009D623E /* Build configuration list for PBXProject "comparison" */;
			compatibilityVersion = "Xcode 14.0";
			developmentRegion = en;
			hasScannedForEncodings = 0;
			knownRegions = (
				en,
				Base,
			);
			mainGroup = B6317A2329B38723009D623E;
			productRefGroup = B6317A2D29B38723009D623E /* Products */;
			projectDirPath = "";
			projectRoot = "";
			targets = (
				B6317A2B29B38723009D623E /* comparison */,
				B6317A3B29B38725009D623E /* comparisonTests */,
				B6317A4529B38725009D623E /* comparisonUITests */,
			);
		};
/* End PBXProject section */

/* Begin PBXResourcesBuildPhase section */
		B6317A2A29B38723009D623E /* Resources */ = {
			isa = PBXResourcesBuildPhase;
			buildActionMask = 2147483647;
			files = (
				B6317A3729B38725009D623E /* Preview Assets.xcassets in Resources */,
				B6317A3429B38725009D623E /* Assets.xcassets in Resources */,
			);
			runOnlyForDeploymentPostprocessing = 0;
		};
		B6317A3A29B38725009D623E /* Resources */ = {
			isa = PBXResourcesBuildPhase;
			buildActionMask = 2147483647;
			files = (
			);
			runOnlyForDeploymentPostprocessing = 0;
		};
		B6317A4429B38725009D623E /* Resources */ = {
			isa = PBXResourcesBuildPhase;
			buildActionMask = 2147483647;
			files = (
			);
			runOnlyForDeploymentPostprocessing = 0;
		};
/* End PBXResourcesBuildPhase section */

/* Begin PBXSourcesBuildPhase section */
		B6317A2829B38723009D623E /* Sources */ = {
			isa = PBXSourcesBuildPhase;
			buildActionMask = 2147483647;
			files = (
				B6317A3229B38723009D623E /* ContentView.swift in Sources */,
				B6317A3029B38723009D623E /* comparisonApp.swift in Sources */,
			);
			runOnlyForDeploymentPostprocessing = 0;
		};
		B6317A3829B38725009D623E /* Sources */ = {
			isa = PBXSourcesBuildPhase;
			buildActionMask = 2147483647;
			files = (
				B6317A4129B38725009D623E /* comparisonTests.swift in Sources */,
			);
			runOnlyForDeploymentPostprocessing = 0;
		};
		B6317A4229B38725009D623E /* Sources */ = {
			isa = PBXSourcesBuildPhase;
			buildActionMask = 2147483647;
			files = (
				B6317A4B29B38725009D623E /* comparisonUITests.swift in Sources */,
				B6317A4D29B38725009D623E /* comparisonUITestsLaunchTests.swift in Sources */,
			);
			runOnlyForDeploymentPostprocessing = 0;
		};
/* End PBXSourcesBuildPhase section */

/* Begin PBXTargetDependency section */
		B6317A3E29B38725009D623E /* PBXTargetDependency */ = {
			isa = PBXTargetDependency;
			target = B6317A2B29B38723009D623E /* comparison */;
			targetProxy = B6317A3D29B38725009D623E /* PBXContainerItemProxy */;
		};
		B6317A4829B38725009D623E /* PBXTargetDependency */ = {
			isa = PBXTargetDependency;
			target = B6317A2B29B38723009D623E /* comparison */;
			targetProxy = B6317A4729B38725009D623E /* PBXContainerItemProxy */;
		};
/* End PBXTargetDependency section */

/* Begin XCBuildConfiguration section */
		B6317A4E29B38725009D623E /* Debug */ = {
			isa = XCBuildConfiguration;
			buildSettings = {
				ALWAYS_SEARCH_USER_PATHS = NO;
				CLANG_ANALYZER_NONNULL = YES;
				CLANG_ANALYZER_NUMBER_OBJECT_CONVERSION = YES_AGGRESSIVE;
				CLANG_CXX_LANGUAGE_STANDARD = "gnu++20";
				CLANG_ENABLE_MODULES = YES;
				CLANG_ENABLE_OBJC_ARC = YES;
				CLANG_ENABLE_OBJC_WEAK = YES;
				CLANG_WARN_BLOCK_CAPTURE_AUTORELEASING = YES;
				CLANG_WARN_BOOL_CONVERSION = YES;
				CLANG_WARN_COMMA = YES;
				CLANG_WARN_CONSTANT_CONVERSION = YES;
				CLANG_WARN_DEPRECATED_OBJC_IMPLEMENTATIONS = YES;
				CLANG_WARN_DIRECT_OBJC_ISA_USAGE = YES_ERROR;
				CLANG_WARN_DOCUMENTATION_COMMENTS = YES;
				CLANG_WARN_EMPTY_BODY = YES;
				CLANG_WARN_ENUM_CONVERSION = YES;
				CLANG_WARN_INFINITE_RECURSION = YES;
				CLANG_WARN_INT_CONVERSION = YES;
				CLANG_WARN_NON_LITERAL_NULL_CONVERSION = YES;
				CLANG_WARN_OBJC_IMPLICIT_RETAIN_SELF = YES;
				CLANG_WARN_OBJC_LITERAL_CONVERSION = YES;
				CLANG_WARN_OBJC_ROOT_CLASS = YES_ERROR;
				CLANG_WARN_QUOTED_INCLUDE_IN_FRAMEWORK_HEADER = YES;
				CLANG_WARN_RANGE_LOOP_ANALYSIS = YES;
				CLANG_WARN_STRICT_PROTOTYPES = YES;
				CLANG_WARN_SUSPICIOUS_MOVE = YES;
				CLANG_WARN_UNGUARDED_AVAILABILITY = YES_AGGRESSIVE;
				CLANG_WARN_UNREACHABLE_CODE = YES;
				CLANG_WARN__DUPLICATE_METHOD_MATCH = YES;
				COPY_PHASE_STRIP = NO;
				DEBUG_INFORMATION_FORMAT = dwarf;
				ENABLE_STRICT_OBJC_MSGSEND = YES;
				ENABLE_TESTABILITY = YES;
				GCC_C_LANGUAGE_STANDARD = gnu11;
				GCC_DYNAMIC_NO_PIC = NO;
				GCC_NO_COMMON_BLOCKS = YES;
				GCC_OPTIMIZATION_LEVEL = 0;
				GCC_PREPROCESSOR_DEFINITIONS = (
					"DEBUG=1",
					"$(inherited)",
				);
				GCC_WARN_64_TO_32_BIT_CONVERSION = YES;
				GCC_WARN_ABOUT_RETURN_TYPE = YES_ERROR;
				GCC_WARN_UNDECLARED_SELECTOR = YES;
				GCC_WARN_UNINITIALIZED_AUTOS = YES_AGGRESSIVE;
				GCC_WARN_UNUSED_FUNCTION = YES;
				GCC_WARN_UNUSED_VARIABLE = YES;
				IPHONEOS_DEPLOYMENT_TARGET = 16.2;
				MTL_ENABLE_DEBUG_INFO = INCLUDE_SOURCE;
				MTL_FAST_MATH = YES;
				ONLY_ACTIVE_ARCH = YES;
				SDKROOT = iphoneos;
				SWIFT_ACTIVE_COMPILATION_CONDITIONS = DEBUG;
				SWIFT_OPTIMIZATION_LEVEL = "-Onone";
			};
			name = Debug;
		};
		B6317A4F29B38725009D623E /* Release */ = {
			isa = XCBuildConfiguration;
			buildSettings = {
				ALWAYS_SEARCH_USER_PATHS = NO;
				CLANG_ANALYZER_NONNULL = YES;
				CLANG_ANALYZER_NUMBER_OBJECT_CONVERSION = YES_AGGRESSIVE;
				CLANG_CXX_LANGUAGE_STANDARD = "gnu++20";
				CLANG_ENABLE_MODULES = YES;
				CLANG_ENABLE_OBJC_ARC = YES;
				CLANG_ENABLE_OBJC_WEAK = YES;
				CLANG_WARN_BLOCK_CAPTURE_AUTORELEASING = YES;
				CLANG_WARN_BOOL_CONVERSION = YES;
				CLANG_WARN_COMMA = YES;
				CLANG_WARN_CONSTANT_CONVERSION = YES;
				CLANG_WARN_DEPRECATED_OBJC_IMPLEMENTATIONS = YES;
				CLANG_WARN_DIRECT_OBJC_ISA_USAGE = YES_ERROR;
				CLANG_WARN_DOCUMENTATION_COMMENTS = YES;
				CLANG_WARN_EMPTY_BODY = YES;
				CLANG_WARN_ENUM_CONVERSION = YES;
				CLANG_WARN_INFINITE_RECURSION = YES;
				CLANG_WARN_INT_CONVERSION = YES;
				CLANG_WARN_NON_LITERAL_NULL_CONVERSION = YES;
				CLANG_WARN_OBJC_IMPLICIT_RETAIN_SELF = YES;
				CLANG_WARN_OBJC_LITERAL_CONVERSION = YES;
				CLANG_WARN_OBJC_ROOT_CLASS = YES_ERROR;
				CLANG_WARN_QUOTED_INCLUDE_IN_FRAMEWORK_HEADER = YES;
				CLANG_WARN_RANGE_LOOP_ANALYSIS = YES;
				CLANG_WARN_STRICT_PROTOTYPES = YES;
				CLANG_WARN_SUSPICIOUS_MOVE = YES;
				CLANG_WARN_UNGUARDED_AVAILABILITY = YES_AGGRESSIVE;
				CLANG_WARN_UNREACHABLE_CODE = YES;
				CLANG_WARN__DUPLICATE_METHOD_MATCH = YES;
				COPY_PHASE_STRIP = NO;
				DEBUG_INFORMATION_FORMAT = "dwarf-with-dsym";
				ENABLE_NS_ASSERTIONS = NO;
				ENABLE_STRICT_OBJC_MSGSEND = YES;
				GCC_C_LANGUAGE_STANDARD = gnu11;
				GCC_NO_COMMON_BLOCKS = YES;
				GCC_WARN_64_TO_32_BIT_CONVERSION = YES;
				GCC_WARN_ABOUT_RETURN_TYPE = YES_ERROR;
				GCC_WARN_UNDECLARED_SELECTOR = YES;
				GCC_WARN_UNINITIALIZED_AUTOS = YES_AGGRESSIVE;
				GCC_WARN_UNUSED_FUNCTION = YES;
				GCC_WARN_UNUSED_VARIABLE = YES;
				IPHONEOS_DEPLOYMENT_TARGET = 16.2;
				MTL_ENABLE_DEBUG_INFO = NO;
				MTL_FAST_MATH = YES;
				SDKROOT = iphoneos;
				SWIFT_COMPILATION_MODE = wholemodule;
				SWIFT_OPTIMIZATION_LEVEL = "-O";
				VALIDATE_PRODUCT = YES;
			};
			name = Release;
		};
		B6317A5129B38725009D623E /* Debug */ = {
			isa = XCBuildConfiguration;
			buildSettings = {
				ASSETCATALOG_COMPILER_APPICON_NAME = AppIcon;
				ASSETCATALOG_COMPILER_GLOBAL_ACCENT_COLOR_NAME = AccentColor;
				CODE_SIGN_STYLE = Automatic;
				CURRENT_PROJECT_VERSION = 1;
				DEVELOPMENT_ASSET_PATHS = "\"comparison/Preview Content\"";
				ENABLE_PREVIEWS = YES;
				GENERATE_INFOPLIST_FILE = YES;
				INFOPLIST_KEY_UIApplicationSceneManifest_Generation = YES;
				INFOPLIST_KEY_UIApplicationSupportsIndirectInputEvents = YES;
				INFOPLIST_KEY_UILaunchScreen_Generation = YES;
				INFOPLIST_KEY_UISupportedInterfaceOrientations_iPad = "UIInterfaceOrientationPortrait UIInterfaceOrientationPortraitUpsideDown UIInterfaceOrientationLandscapeLeft UIInterfaceOrientationLandscapeRight";
				INFOPLIST_KEY_UISupportedInterfaceOrientations_iPhone = "UIInterfaceOrientationPortrait UIInterfaceOrientationLandscapeLeft UIInterfaceOrientationLandscapeRight";
				LD_RUNPATH_SEARCH_PATHS = (
					"$(inherited)",
					"@executable_path/Frameworks",
				);
				MARKETING_VERSION = 1.0;
				PRODUCT_BUNDLE_IDENTIFIER = taihuijiateng870.comparison;
				PRODUCT_NAME = "$(TARGET_NAME)";
				SWIFT_EMIT_LOC_STRINGS = YES;
				SWIFT_VERSION = 5.0;
				TARGETED_DEVICE_FAMILY = "1,2";
			};
			name = Debug;
		};
		B6317A5229B38725009D623E /* Release */ = {
			isa = XCBuildConfiguration;
			buildSettings = {
				ASSETCATALOG_COMPILER_APPICON_NAME = AppIcon;
				ASSETCATALOG_COMPILER_GLOBAL_ACCENT_COLOR_NAME = AccentColor;
				CODE_SIGN_STYLE = Automatic;
				CURRENT_PROJECT_VERSION = 1;
				DEVELOPMENT_ASSET_PATHS = "\"comparison/Preview Content\"";
				ENABLE_PREVIEWS = YES;
				GENERATE_INFOPLIST_FILE = YES;
				INFOPLIST_KEY_UIApplicationSceneManifest_Generation = YES;
				INFOPLIST_KEY_UIApplicationSupportsIndirectInputEvents = YES;
				INFOPLIST_KEY_UILaunchScreen_Generation = YES;
				INFOPLIST_KEY_UISupportedInterfaceOrientations_iPad = "UIInterfaceOrientationPortrait UIInterfaceOrientationPortraitUpsideDown UIInterfaceOrientationLandscapeLeft UIInterfaceOrientationLandscapeRight";
				INFOPLIST_KEY_UISupportedInterfaceOrientations_iPhone = "UIInterfaceOrientationPortrait UIInterfaceOrientationLandscapeLeft UIInterfaceOrientationLandscapeRight";
				LD_RUNPATH_SEARCH_PATHS = (
					"$(inherited)",
					"@executable_path/Frameworks",
				);
				MARKETING_VERSION = 1.0;
				PRODUCT_BUNDLE_IDENTIFIER = taihuijiateng870.comparison;
				PRODUCT_NAME = "$(TARGET_NAME)";
				SWIFT_EMIT_LOC_STRINGS = YES;
				SWIFT_VERSION = 5.0;
				TARGETED_DEVICE_FAMILY = "1,2";
			};
			name = Release;
		};
		B6317A5429B38725009D623E /* Debug */ = {
			isa = XCBuildConfiguration;
			buildSettings = {
				ALWAYS_EMBED_SWIFT_STANDARD_LIBRARIES = YES;
				BUNDLE_LOADER = "$(TEST_HOST)";
				CODE_SIGN_STYLE = Automatic;
				CURRENT_PROJECT_VERSION = 1;
				GENERATE_INFOPLIST_FILE = YES;
				IPHONEOS_DEPLOYMENT_TARGET = 16.2;
				MARKETING_VERSION = 1.0;
				PRODUCT_BUNDLE_IDENTIFIER = taihuijiateng870.comparisonTests;
				PRODUCT_NAME = "$(TARGET_NAME)";
				SWIFT_EMIT_LOC_STRINGS = NO;
				SWIFT_VERSION = 5.0;
				TARGETED_DEVICE_FAMILY = "1,2";
				TEST_HOST = "$(BUILT_PRODUCTS_DIR)/comparison.app/$(BUNDLE_EXECUTABLE_FOLDER_PATH)/comparison";
			};
			name = Debug;
		};
		B6317A5529B38725009D623E /* Release */ = {
			isa = XCBuildConfiguration;
			buildSettings = {
				ALWAYS_EMBED_SWIFT_STANDARD_LIBRARIES = YES;
				BUNDLE_LOADER = "$(TEST_HOST)";
				CODE_SIGN_STYLE = Automatic;
				CURRENT_PROJECT_VERSION = 1;
				GENERATE_INFOPLIST_FILE = YES;
				IPHONEOS_DEPLOYMENT_TARGET = 16.2;
				MARKETING_VERSION = 1.0;
				PRODUCT_BUNDLE_IDENTIFIER = taihuijiateng870.comparisonTests;
				PRODUCT_NAME = "$(TARGET_NAME)";
				SWIFT_EMIT_LOC_STRINGS = NO;
				SWIFT_VERSION = 5.0;
				TARGETED_DEVICE_FAMILY = "1,2";
				TEST_HOST = "$(BUILT_PRODUCTS_DIR)/comparison.app/$(BUNDLE_EXECUTABLE_FOLDER_PATH)/comparison";
			};
			name = Release;
		};
		B6317A5729B38725009D623E /* Debug */ = {
			isa = XCBuildConfiguration;
			buildSettings = {
				ALWAYS_EMBED_SWIFT_STANDARD_LIBRARIES = YES;
				CODE_SIGN_STYLE = Automatic;
				CURRENT_PROJECT_VERSION = 1;
				GENERATE_INFOPLIST_FILE = YES;
				MARKETING_VERSION = 1.0;
				PRODUCT_BUNDLE_IDENTIFIER = taihuijiateng870.comparisonUITests;
				PRODUCT_NAME = "$(TARGET_NAME)";
				SWIFT_EMIT_LOC_STRINGS = NO;
				SWIFT_VERSION = 5.0;
				TARGETED_DEVICE_FAMILY = "1,2";
				TEST_TARGET_NAME = comparison;
			};
			name = Debug;
		};
		B6317A5829B38725009D623E /* Release */ = {
			isa = XCBuildConfiguration;
			buildSettings = {
				ALWAYS_EMBED_SWIFT_STANDARD_LIBRARIES = YES;
				CODE_SIGN_STYLE = Automatic;
				CURRENT_PROJECT_VERSION = 1;
				GENERATE_INFOPLIST_FILE = YES;
				MARKETING_VERSION = 1.0;
				PRODUCT_BUNDLE_IDENTIFIER = taihuijiateng870.comparisonUITests;
				PRODUCT_NAME = "$(TARGET_NAME)";
				SWIFT_EMIT_LOC_STRINGS = NO;
				SWIFT_VERSION = 5.0;
				TARGETED_DEVICE_FAMILY = "1,2";
				TEST_TARGET_NAME = comparison;
			};
			name = Release;
		};
/* End XCBuildConfiguration section */

/* Begin XCConfigurationList section */
		B6317A2729B38723009D623E /* Build configuration list for PBXProject "comparison" */ = {
			isa = XCConfigurationList;
			buildConfigurations = (
				B6317A4E29B38725009D623E /* Debug */,
				B6317A4F29B38725009D623E /* Release */,
			);
			defaultConfigurationIsVisible = 0;
			defaultConfigurationName = Release;
		};
		B6317A5029B38725009D623E /* Build configuration list for PBXNativeTarget "comparison" */ = {
			isa = XCConfigurationList;
			buildConfigurations = (
				B6317A5129B38725009D623E /* Debug */,
				B6317A5229B38725009D623E /* Release */,
			);
			defaultConfigurationIsVisible = 0;
			defaultConfigurationName = Release;
		};
		B6317A5329B38725009D623E /* Build configuration list for PBXNativeTarget "comparisonTests" */ = {
			isa = XCConfigurationList;
			buildConfigurations = (
				B6317A5429B38725009D623E /* Debug */,
				B6317A5529B38725009D623E /* Release */,
			);
			defaultConfigurationIsVisible = 0;
			defaultConfigurationName = Release;
		};
		B6317A5629B38725009D623E /* Build configuration list for PBXNativeTarget "comparisonUITests" */ = {
			isa = XCConfigurationList;
			buildConfigurations = (
				B6317A5729B38725009D623E /* Debug */,
				B6317A5829B38725009D623E /* Release */,
			);
			defaultConfigurationIsVisible = 0;
			defaultConfigurationName = Release;
		};
/* End XCConfigurationList section */
	};
	rootObject = B6317A2429B38723009D623E /* Project object */;
}
